# THIS IS AN AUTOGENERATED FILE. DO NOT EDIT THIS FILE DIRECTLY.
# yarn lockfile v1


typeface-open-sans@^0.0.22:
  version "0.0.22"
  resolved "https://registry.yarnpkg.com/typeface-open-sans/-/typeface-open-sans-0.0.22.tgz#cc3b708d355b433a9327126150281f3ea68887c0"

typeface-pt-sans@^0.0.22:
  version "0.0.22"
  resolved "https://registry.yarnpkg.com/typeface-pt-sans/-/typeface-pt-sans-0.0.22.tgz#fe7cf2a987322efa76c507409b68958b0305b3b5"
